{
  "name": "@fateforge/gitlab-cli",
  "version": "1.2.15",
  "lockfileVersion": 3,
  "requires": true,
  "packages": {
    "": {
      "name": "@fateforge/gitlab-cli",
      "version": "1.2.15",
      "license": "MIT",
      "bin": {
        "gitlab-cli": "scripts/run.js"
      },
      "engines": {
        "node": ">=16"
      },
      "optionalDependencies": {
        "@fateforge/gitlab-cli-darwin-arm64": "1.2.15",
        "@fateforge/gitlab-cli-darwin-x64": "1.2.15",
        "@fateforge/gitlab-cli-linux-arm64": "1.2.15",
        "@fateforge/gitlab-cli-linux-x64": "1.2.15",
        "@fateforge/gitlab-cli-win32-arm64": "1.2.15",
        "@fateforge/gitlab-cli-win32-x64": "1.2.15"
      }
    },
    "node_modules/@fateforge/gitlab-cli-darwin-arm64": {
      "optional": true,
      "version": "1.2.15"
    },
    "node_modules/@fateforge/gitlab-cli-darwin-x64": {
      "optional": true,
      "version": "1.2.15"
    },
    "node_modules/@fateforge/gitlab-cli-linux-arm64": {
      "optional": true,
      "version": "1.2.15"
    },
    "node_modules/@fateforge/gitlab-cli-linux-x64": {
      "optional": true,
      "version": "1.2.15"
    },
    "node_modules/@fateforge/gitlab-cli-win32-arm64": {
      "optional": true,
      "version": "1.2.15"
    },
    "node_modules/@fateforge/gitlab-cli-win32-x64": {
      "optional": true,
      "version": "1.2.15"
    }
  }
}
