{
  "name": "@ananke/gitlab-cli",
  "version": "1.2.4",
  "lockfileVersion": 3,
  "requires": true,
  "packages": {
    "": {
      "name": "@ananke/gitlab-cli",
      "version": "1.2.4",
      "license": "MIT",
      "bin": {
        "gitlab-cli": "scripts/run.js"
      },
      "engines": {
        "node": ">=16"
      },
      "optionalDependencies": {
        "@ananke/gitlab-cli-darwin-arm64": "1.2.4",
        "@ananke/gitlab-cli-darwin-x64": "1.2.4",
        "@ananke/gitlab-cli-linux-arm64": "1.2.4",
        "@ananke/gitlab-cli-linux-x64": "1.2.4",
        "@ananke/gitlab-cli-win32-arm64": "1.2.4",
        "@ananke/gitlab-cli-win32-x64": "1.2.4"
      }
    },
    "node_modules/@ananke/gitlab-cli-darwin-arm64": {
      "optional": true
    },
    "node_modules/@ananke/gitlab-cli-darwin-x64": {
      "optional": true
    },
    "node_modules/@ananke/gitlab-cli-linux-arm64": {
      "optional": true
    },
    "node_modules/@ananke/gitlab-cli-linux-x64": {
      "optional": true
    },
    "node_modules/@ananke/gitlab-cli-win32-arm64": {
      "optional": true
    },
    "node_modules/@ananke/gitlab-cli-win32-x64": {
      "optional": true
    }
  }
}
